<Solution>
  <Folder Name="/src/">
    <Project Path="src/Augit.App/Augit.App.csproj" />
    <Project Path="src/Augit.Core/Augit.Core.csproj" />
    <Project Path="src/Augit.Infrastructure/Augit.Infrastructure.csproj" />
  </Folder>
  <Folder Name="/tests/">
    <Project Path="tests/Augit.App.Tests/Augit.App.Tests.csproj" />
    <Project Path="tests/Augit.Core.Tests/Augit.Core.Tests.csproj" />
    <Project Path="tests/Augit.Infrastructure.Tests/Augit.Infrastructure.Tests.csproj" />
    <Project Path="tests/Augit.Terminal.TestHost/Augit.Terminal.TestHost.csproj" />
  </Folder>
</Solution>
